
Microsoft Visual Studio Solution File, Format Version 12.00
# Visual Studio Version 17
VisualStudioVersion = 17.8.34330.188
MinimumVisualStudioVersion = 10.0.40219.1
Project("{FAE04EC0-301F-11D3-BF4B-00C04F79EFBC}") = "Lab01", "Lab01\Lab01.csproj", "{BC58B256-EC6E-429A-90E1-21131C6E4910}"
EndProject
Global
	GlobalSection(SolutionConfigurationPlatforms) = preSolution
		Debug|Any CPU = Debug|Any CPU
		Release|Any CPU = Release|Any CPU
	EndGlobalSection
	GlobalSection(ProjectConfigurationPlatforms) = postSolution
		{BC58B256-EC6E-429A-90E1-21131C6E4910}.Debug|Any CPU.ActiveCfg = Debug|Any CPU
		{BC58B256-EC6E-429A-90E1-21131C6E4910}.Debug|Any CPU.Build.0 = Debug|Any CPU
		{BC58B256-EC6E-429A-90E1-21131C6E4910}.Release|Any CPU.ActiveCfg = Release|Any CPU
		{BC58B256-EC6E-429A-90E1-21131C6E4910}.Release|Any CPU.Build.0 = Release|Any CPU
	EndGlobalSection
	GlobalSection(SolutionProperties) = preSolution
		HideSolutionNode = FALSE
	EndGlobalSection
	GlobalSection(ExtensibilityGlobals) = postSolution
		SolutionGuid = {DFBAA511-EA05-4A86-A2FA-73D39A97C73E}
	EndGlobalSection
EndGlobal
